// !$*UTF8*$!
{
	archiveVersion = 1;
	classes = {
	};
	objectVersion = 46;
	objects = {

/* Begin PBXBuildFile section */
		076CD67516FF88590040911D /* RPServer.m in Sources */ = {isa = PBXBuildFile; fileRef = 076CD67416FF88590040911D /* RPServer.m */; };
		076CD67B16FF916C0040911D /* GCDAsyncSocket.m in Sources */ = {isa = PBXBuildFile; fileRef = 076CD67816FF916C0040911D /* GCDAsyncSocket.m */; };
		076CD67C16FF916C0040911D /* GCDAsyncUdpSocket.m in Sources */ = {isa = PBXBuildFile; fileRef = 076CD67A16FF916C0040911D /* GCDAsyncUdpSocket.m */; };
		076CD68E16FF92E40040911D /* DDAbstractDatabaseLogger.m in Sources */ = {isa = PBXBuildFile; fileRef = 076CD67F16FF92E40040911D /* DDAbstractDatabaseLogger.m */; };
		076CD68F16FF92E40040911D /* DDASLLogger.m in Sources */ = {isa = PBXBuildFile; fileRef = 076CD68116FF92E40040911D /* DDASLLogger.m */; };
		076CD69016FF92E40040911D /* DDFileLogger.m in Sources */ = {isa = PBXBuildFile; fileRef = 076CD68316FF92E40040911D /* DDFileLogger.m */; };
		076CD69116FF92E40040911D /* DDLog.m in Sources */ = {isa = PBXBuildFile; fileRef = 076CD68516FF92E40040911D /* DDLog.m */; };
		076CD69216FF92E40040911D /* DDTTYLogger.m in Sources */ = {isa = PBXBuildFile; fileRef = 076CD68716FF92E40040911D /* DDTTYLogger.m */; };
		076CD69316FF92E40040911D /* ContextFilterLogFormatter.m in Sources */ = {isa = PBXBuildFile; fileRef = 076CD68A16FF92E40040911D /* ContextFilterLogFormatter.m */; };
		076CD69416FF92E40040911D /* DispatchQueueLogFormatter.m in Sources */ = {isa = PBXBuildFile; fileRef = 076CD68C16FF92E40040911D /* DispatchQueueLogFormatter.m */; };
		076CD69516FF92E40040911D /* README.txt in Resources */ = {isa = PBXBuildFile; fileRef = 076CD68D16FF92E40040911D /* README.txt */; };
		076CD69716FF93710040911D /* Security.framework in Frameworks */ = {isa = PBXBuildFile; fileRef = 076CD69616FF93710040911D /* Security.framework */; };
		07BAB08B16F2E4BC00A18A41 /* Icon.iconset in Resources */ = {isa = PBXBuildFile; fileRef = 07BAB08A16F2E4BC00A18A41 /* Icon.iconset */; };
		07D9D5A716F1891800E681D3 /* Cocoa.framework in Frameworks */ = {isa = PBXBuildFile; fileRef = 07D9D5A616F1891800E681D3 /* Cocoa.framework */; };
		07D9D5B116F1891800E681D3 /* InfoPlist.strings in Resources */ = {isa = PBXBuildFile; fileRef = 07D9D5AF16F1891800E681D3 /* InfoPlist.strings */; };
		07D9D5B316F1891800E681D3 /* main.m in Sources */ = {isa = PBXBuildFile; fileRef = 07D9D5B216F1891800E681D3 /* main.m */; };
		07D9D5B716F1891800E681D3 /* Credits.rtf in Resources */ = {isa = PBXBuildFile; fileRef = 07D9D5B516F1891800E681D3 /* Credits.rtf */; };
		07D9D5BA16F1891800E681D3 /* RPAppDelegate.m in Sources */ = {isa = PBXBuildFile; fileRef = 07D9D5B916F1891800E681D3 /* RPAppDelegate.m */; };
		07D9D5BD16F1891800E681D3 /* MainMenu.xib in Resources */ = {isa = PBXBuildFile; fileRef = 07D9D5BB16F1891800E681D3 /* MainMenu.xib */; };
		07D9D5C516F1891800E681D3 /* SenTestingKit.framework in Frameworks */ = {isa = PBXBuildFile; fileRef = 07D9D5C416F1891800E681D3 /* SenTestingKit.framework */; };
		07D9D5C616F1891800E681D3 /* Cocoa.framework in Frameworks */ = {isa = PBXBuildFile; fileRef = 07D9D5A616F1891800E681D3 /* Cocoa.framework */; };
		07D9D5CE16F1891800E681D3 /* InfoPlist.strings in Resources */ = {isa = PBXBuildFile; fileRef = 07D9D5CC16F1891800E681D3 /* InfoPlist.strings */; };
		07D9D5D116F1891800E681D3 /* NuFeedbackTests.m in Sources */ = {isa = PBXBuildFile; fileRef = 07D9D5D016F1891800E681D3 /* NuFeedbackTests.m */; };
		07D9D5E016F1895E00E681D3 /* Lesson02Controller.m in Sources */ = {isa = PBXBuildFile; fileRef = 07D9D5DB16F1895E00E681D3 /* Lesson02Controller.m */; };
		07D9D5E116F1895E00E681D3 /* Lesson02View.m in Sources */ = {isa = PBXBuildFile; fileRef = 07D9D5DD16F1895E00E681D3 /* Lesson02View.m */; };
		07D9D5E216F1895E00E681D3 /* RDFeedbackGLView.m in Sources */ = {isa = PBXBuildFile; fileRef = 07D9D5DF16F1895E00E681D3 /* RDFeedbackGLView.m */; };
		07D9D5E416F18B1D00E681D3 /* OpenGL.framework in Frameworks */ = {isa = PBXBuildFile; fileRef = 07D9D5E316F18B1D00E681D3 /* OpenGL.framework */; };
/* End PBXBuildFile section */

/* Begin PBXContainerItemProxy section */
		07D9D5C716F1891800E681D3 /* PBXContainerItemProxy */ = {
			isa = PBXContainerItemProxy;
			containerPortal = 07D9D59916F1891800E681D3 /* Project object */;
			proxyType = 1;
			remoteGlobalIDString = 07D9D5A116F1891800E681D3;
			remoteInfo = NuFeedback;
		};
/* End PBXContainerItemProxy section */

/* Begin PBXFileReference section */
		076CD67316FF88590040911D /* RPServer.h */ = {isa = PBXFileReference; fileEncoding = 4; lastKnownFileType = sourcecode.c.h; path = RPServer.h; sourceTree = "<group>"; };
		076CD67416FF88590040911D /* RPServer.m */ = {isa = PBXFileReference; fileEncoding = 4; lastKnownFileType = sourcecode.c.objc; path = RPServer.m; sourceTree = "<group>"; };
		076CD67716FF916C0040911D /* GCDAsyncSocket.h */ = {isa = PBXFileReference; fileEncoding = 4; lastKnownFileType = sourcecode.c.h; path = GCDAsyncSocket.h; sourceTree = "<group>"; };
		076CD67816FF916C0040911D /* GCDAsyncSocket.m */ = {isa = PBXFileReference; fileEncoding = 4; lastKnownFileType = sourcecode.c.objc; path = GCDAsyncSocket.m; sourceTree = "<group>"; };
		076CD67916FF916C0040911D /* GCDAsyncUdpSocket.h */ = {isa = PBXFileReference; fileEncoding = 4; lastKnownFileType = sourcecode.c.h; path = GCDAsyncUdpSocket.h; sourceTree = "<group>"; };
		076CD67A16FF916C0040911D /* GCDAsyncUdpSocket.m */ = {isa = PBXFileReference; fileEncoding = 4; lastKnownFileType = sourcecode.c.objc; path = GCDAsyncUdpSocket.m; sourceTree = "<group>"; };
		076CD67E16FF92E40040911D /* DDAbstractDatabaseLogger.h */ = {isa = PBXFileReference; fileEncoding = 4; lastKnownFileType = sourcecode.c.h; path = DDAbstractDatabaseLogger.h; sourceTree = "<group>"; };
		076CD67F16FF92E40040911D /* DDAbstractDatabaseLogger.m */ = {isa = PBXFileReference; fileEncoding = 4; lastKnownFileType = sourcecode.c.objc; path = DDAbstractDatabaseLogger.m; sourceTree = "<group>"; };
		076CD68016FF92E40040911D /* DDASLLogger.h */ = {isa = PBXFileReference; fileEncoding = 4; lastKnownFileType = sourcecode.c.h; path = DDASLLogger.h; sourceTree = "<group>"; };
		076CD68116FF92E40040911D /* DDASLLogger.m */ = {isa = PBXFileReference; fileEncoding = 4; lastKnownFileType = sourcecode.c.objc; path = DDASLLogger.m; sourceTree = "<group>"; };
		076CD68216FF92E40040911D /* DDFileLogger.h */ = {isa = PBXFileReference; fileEncoding = 4; lastKnownFileType = sourcecode.c.h; path = DDFileLogger.h; sourceTree = "<group>"; };
		076CD68316FF92E40040911D /* DDFileLogger.m */ = {isa = PBXFileReference; fileEncoding = 4; lastKnownFileType = sourcecode.c.objc; path = DDFileLogger.m; sourceTree = "<group>"; };
		076CD68416FF92E40040911D /* DDLog.h */ = {isa = PBXFileReference; fileEncoding = 4; lastKnownFileType = sourcecode.c.h; path = DDLog.h; sourceTree = "<group>"; };
		076CD68516FF92E40040911D /* DDLog.m */ = {isa = PBXFileReference; fileEncoding = 4; lastKnownFileType = sourcecode.c.objc; path = DDLog.m; sourceTree = "<group>"; };
		076CD68616FF92E40040911D /* DDTTYLogger.h */ = {isa = PBXFileReference; fileEncoding = 4; lastKnownFileType = sourcecode.c.h; path = DDTTYLogger.h; sourceTree = "<group>"; };
		076CD68716FF92E40040911D /* DDTTYLogger.m */ = {isa = PBXFileReference; fileEncoding = 4; lastKnownFileType = sourcecode.c.objc; path = DDTTYLogger.m; sourceTree = "<group>"; };
		076CD68916FF92E40040911D /* ContextFilterLogFormatter.h */ = {isa = PBXFileReference; fileEncoding = 4; lastKnownFileType = sourcecode.c.h; path = ContextFilterLogFormatter.h; sourceTree = "<group>"; };
		076CD68A16FF92E40040911D /* ContextFilterLogFormatter.m */ = {isa = PBXFileReference; fileEncoding = 4; lastKnownFileType = sourcecode.c.objc; path = ContextFilterLogFormatter.m; sourceTree = "<group>"; };
		076CD68B16FF92E40040911D /* DispatchQueueLogFormatter.h */ = {isa = PBXFileReference; fileEncoding = 4; lastKnownFileType = sourcecode.c.h; path = DispatchQueueLogFormatter.h; sourceTree = "<group>"; };
		076CD68C16FF92E40040911D /* DispatchQueueLogFormatter.m */ = {isa = PBXFileReference; fileEncoding = 4; lastKnownFileType = sourcecode.c.objc; path = DispatchQueueLogFormatter.m; sourceTree = "<group>"; };
		076CD68D16FF92E40040911D /* README.txt */ = {isa = PBXFileReference; fileEncoding = 4; lastKnownFileType = text; path = README.txt; sourceTree = "<group>"; };
		076CD69616FF93710040911D /* Security.framework */ = {isa = PBXFileReference; lastKnownFileType = wrapper.framework; name = Security.framework; path = System/Library/Frameworks/Security.framework; sourceTree = SDKROOT; };
		07BAB08A16F2E4BC00A18A41 /* Icon.iconset */ = {isa = PBXFileReference; lastKnownFileType = folder.iconset; path = Icon.iconset; sourceTree = "<group>"; };
		07D9D5A216F1891800E681D3 /* NuFeedback.app */ = {isa = PBXFileReference; explicitFileType = wrapper.application; includeInIndex = 0; path = NuFeedback.app; sourceTree = BUILT_PRODUCTS_DIR; };
		07D9D5A616F1891800E681D3 /* Cocoa.framework */ = {isa = PBXFileReference; lastKnownFileType = wrapper.framework; name = Cocoa.framework; path = System/Library/Frameworks/Cocoa.framework; sourceTree = SDKROOT; };
		07D9D5A916F1891800E681D3 /* AppKit.framework */ = {isa = PBXFileReference; lastKnownFileType = wrapper.framework; name = AppKit.framework; path = System/Library/Frameworks/AppKit.framework; sourceTree = SDKROOT; };
		07D9D5AA16F1891800E681D3 /* CoreData.framework */ = {isa = PBXFileReference; lastKnownFileType = wrapper.framework; name = CoreData.framework; path = System/Library/Frameworks/CoreData.framework; sourceTree = SDKROOT; };
		07D9D5AB16F1891800E681D3 /* Foundation.framework */ = {isa = PBXFileReference; lastKnownFileType = wrapper.framework; name = Foundation.framework; path = System/Library/Frameworks/Foundation.framework; sourceTree = SDKROOT; };
		07D9D5AE16F1891800E681D3 /* NuFeedback-Info.plist */ = {isa = PBXFileReference; lastKnownFileType = text.plist.xml; path = "NuFeedback-Info.plist"; sourceTree = "<group>"; };
		07D9D5B016F1891800E681D3 /* en */ = {isa = PBXFileReference; lastKnownFileType = text.plist.strings; name = en; path = en.lproj/InfoPlist.strings; sourceTree = "<group>"; };
		07D9D5B216F1891800E681D3 /* main.m */ = {isa = PBXFileReference; lastKnownFileType = sourcecode.c.objc; path = main.m; sourceTree = "<group>"; };
		07D9D5B416F1891800E681D3 /* NuFeedback-Prefix.pch */ = {isa = PBXFileReference; lastKnownFileType = sourcecode.c.h; path = "NuFeedback-Prefix.pch"; sourceTree = "<group>"; };
		07D9D5B616F1891800E681D3 /* en */ = {isa = PBXFileReference; lastKnownFileType = text.rtf; name = en; path = en.lproj/Credits.rtf; sourceTree = "<group>"; };
		07D9D5B816F1891800E681D3 /* RPAppDelegate.h */ = {isa = PBXFileReference; lastKnownFileType = sourcecode.c.h; path = RPAppDelegate.h; sourceTree = "<group>"; };
		07D9D5B916F1891800E681D3 /* RPAppDelegate.m */ = {isa = PBXFileReference; lastKnownFileType = sourcecode.c.objc; path = RPAppDelegate.m; sourceTree = "<group>"; };
		07D9D5BC16F1891800E681D3 /* en */ = {isa = PBXFileReference; lastKnownFileType = file.xib; name = en; path = en.lproj/MainMenu.xib; sourceTree = "<group>"; };
		07D9D5C316F1891800E681D3 /* NuFeedbackTests.octest */ = {isa = PBXFileReference; explicitFileType = wrapper.cfbundle; includeInIndex = 0; path = NuFeedbackTests.octest; sourceTree = BUILT_PRODUCTS_DIR; };
		07D9D5C416F1891800E681D3 /* SenTestingKit.framework */ = {isa = PBXFileReference; lastKnownFileType = wrapper.framework; name = SenTestingKit.framework; path = Library/Frameworks/SenTestingKit.framework; sourceTree = DEVELOPER_DIR; };
		07D9D5CB16F1891800E681D3 /* NuFeedbackTests-Info.plist */ = {isa = PBXFileReference; lastKnownFileType = text.plist.xml; path = "NuFeedbackTests-Info.plist"; sourceTree = "<group>"; };
		07D9D5CD16F1891800E681D3 /* en */ = {isa = PBXFileReference; lastKnownFileType = text.plist.strings; name = en; path = en.lproj/InfoPlist.strings; sourceTree = "<group>"; };
		07D9D5CF16F1891800E681D3 /* NuFeedbackTests.h */ = {isa = PBXFileReference; lastKnownFileType = sourcecode.c.h; path = NuFeedbackTests.h; sourceTree = "<group>"; };
		07D9D5D016F1891800E681D3 /* NuFeedbackTests.m */ = {isa = PBXFileReference; lastKnownFileType = sourcecode.c.objc; path = NuFeedbackTests.m; sourceTree = "<group>"; };
		07D9D5DA16F1895E00E681D3 /* Lesson02Controller.h */ = {isa = PBXFileReference; fileEncoding = 4; lastKnownFileType = sourcecode.c.h; path = Lesson02Controller.h; sourceTree = "<group>"; };
		07D9D5DB16F1895E00E681D3 /* Lesson02Controller.m */ = {isa = PBXFileReference; fileEncoding = 4; lastKnownFileType = sourcecode.c.objc; path = Lesson02Controller.m; sourceTree = "<group>"; };
		07D9D5DC16F1895E00E681D3 /* Lesson02View.h */ = {isa = PBXFileReference; fileEncoding = 4; lastKnownFileType = sourcecode.c.h; path = Lesson02View.h; sourceTree = "<group>"; };
		07D9D5DD16F1895E00E681D3 /* Lesson02View.m */ = {isa = PBXFileReference; fileEncoding = 4; lastKnownFileType = sourcecode.c.objc; path = Lesson02View.m; sourceTree = "<group>"; };
		07D9D5DE16F1895E00E681D3 /* RDFeedbackGLView.h */ = {isa = PBXFileReference; fileEncoding = 4; lastKnownFileType = sourcecode.c.h; path = RDFeedbackGLView.h; sourceTree = "<group>"; };
		07D9D5DF16F1895E00E681D3 /* RDFeedbackGLView.m */ = {isa = PBXFileReference; fileEncoding = 4; lastKnownFileType = sourcecode.c.objc; path = RDFeedbackGLView.m; sourceTree = "<group>"; };
		07D9D5E316F18B1D00E681D3 /* OpenGL.framework */ = {isa = PBXFileReference; lastKnownFileType = wrapper.framework; name = OpenGL.framework; path = System/Library/Frameworks/OpenGL.framework; sourceTree = SDKROOT; };
/* End PBXFileReference section */

/* Begin PBXFrameworksBuildPhase section */
		07D9D59F16F1891800E681D3 /* Frameworks */ = {
			isa = PBXFrameworksBuildPhase;
			buildActionMask = 2147483647;
			files = (
				076CD69716FF93710040911D /* Security.framework in Frameworks */,
				07D9D5E416F18B1D00E681D3 /* OpenGL.framework in Frameworks */,
				07D9D5A716F1891800E681D3 /* Cocoa.framework in Frameworks */,
			);
			runOnlyForDeploymentPostprocessing = 0;
		};
		07D9D5BF16F1891800E681D3 /* Frameworks */ = {
			isa = PBXFrameworksBuildPhase;
			buildActionMask = 2147483647;
			files = (
				07D9D5C516F1891800E681D3 /* SenTestingKit.framework in Frameworks */,
				07D9D5C616F1891800E681D3 /* Cocoa.framework in Frameworks */,
			);
			runOnlyForDeploymentPostprocessing = 0;
		};
/* End PBXFrameworksBuildPhase section */

/* Begin PBXGroup section */
		076CD67616FF91500040911D /* AsyncSocket */ = {
			isa = PBXGroup;
			children = (
				076CD67716FF916C0040911D /* GCDAsyncSocket.h */,
				076CD67816FF916C0040911D /* GCDAsyncSocket.m */,
				076CD67916FF916C0040911D /* GCDAsyncUdpSocket.h */,
				076CD67A16FF916C0040911D /* GCDAsyncUdpSocket.m */,
			);
			name = AsyncSocket;
			sourceTree = "<group>";
		};
		076CD67D16FF92E40040911D /* CocoaLumberjack */ = {
			isa = PBXGroup;
			children = (
				076CD67E16FF92E40040911D /* DDAbstractDatabaseLogger.h */,
				076CD67F16FF92E40040911D /* DDAbstractDatabaseLogger.m */,
				076CD68016FF92E40040911D /* DDASLLogger.h */,
				076CD68116FF92E40040911D /* DDASLLogger.m */,
				076CD68216FF92E40040911D /* DDFileLogger.h */,
				076CD68316FF92E40040911D /* DDFileLogger.m */,
				076CD68416FF92E40040911D /* DDLog.h */,
				076CD68516FF92E40040911D /* DDLog.m */,
				076CD68616FF92E40040911D /* DDTTYLogger.h */,
				076CD68716FF92E40040911D /* DDTTYLogger.m */,
				076CD68816FF92E40040911D /* Extensions */,
			);
			path = CocoaLumberjack;
			sourceTree = "<group>";
		};
		076CD68816FF92E40040911D /* Extensions */ = {
			isa = PBXGroup;
			children = (
				076CD68916FF92E40040911D /* ContextFilterLogFormatter.h */,
				076CD68A16FF92E40040911D /* ContextFilterLogFormatter.m */,
				076CD68B16FF92E40040911D /* DispatchQueueLogFormatter.h */,
				076CD68C16FF92E40040911D /* DispatchQueueLogFormatter.m */,
				076CD68D16FF92E40040911D /* README.txt */,
			);
			path = Extensions;
			sourceTree = "<group>";
		};
		07D9D59716F1891800E681D3 = {
			isa = PBXGroup;
			children = (
				076CD69616FF93710040911D /* Security.framework */,
				07BAB08A16F2E4BC00A18A41 /* Icon.iconset */,
				07D9D5E316F18B1D00E681D3 /* OpenGL.framework */,
				07D9D5AC16F1891800E681D3 /* NuFeedback */,
				07D9D5C916F1891800E681D3 /* NuFeedbackTests */,
				07D9D5A516F1891800E681D3 /* Frameworks */,
				07D9D5A316F1891800E681D3 /* Products */,
			);
			sourceTree = "<group>";
		};
		07D9D5A316F1891800E681D3 /* Products */ = {
			isa = PBXGroup;
			children = (
				07D9D5A216F1891800E681D3 /* NuFeedback.app */,
				07D9D5C316F1891800E681D3 /* NuFeedbackTests.octest */,
			);
			name = Products;
			sourceTree = "<group>";
		};
		07D9D5A516F1891800E681D3 /* Frameworks */ = {
			isa = PBXGroup;
			children = (
				07D9D5A616F1891800E681D3 /* Cocoa.framework */,
				07D9D5C416F1891800E681D3 /* SenTestingKit.framework */,
				07D9D5A816F1891800E681D3 /* Other Frameworks */,
			);
			name = Frameworks;
			sourceTree = "<group>";
		};
		07D9D5A816F1891800E681D3 /* Other Frameworks */ = {
			isa = PBXGroup;
			children = (
				07D9D5A916F1891800E681D3 /* AppKit.framework */,
				07D9D5AA16F1891800E681D3 /* CoreData.framework */,
				07D9D5AB16F1891800E681D3 /* Foundation.framework */,
			);
			name = "Other Frameworks";
			sourceTree = "<group>";
		};
		07D9D5AC16F1891800E681D3 /* NuFeedback */ = {
			isa = PBXGroup;
			children = (
				076CD67D16FF92E40040911D /* CocoaLumberjack */,
				076CD67616FF91500040911D /* AsyncSocket */,
				07D9D5B816F1891800E681D3 /* RPAppDelegate.h */,
				07D9D5B916F1891800E681D3 /* RPAppDelegate.m */,
				07D9D5DA16F1895E00E681D3 /* Lesson02Controller.h */,
				07D9D5DB16F1895E00E681D3 /* Lesson02Controller.m */,
				07D9D5DC16F1895E00E681D3 /* Lesson02View.h */,
				07D9D5DD16F1895E00E681D3 /* Lesson02View.m */,
				07D9D5DE16F1895E00E681D3 /* RDFeedbackGLView.h */,
				07D9D5DF16F1895E00E681D3 /* RDFeedbackGLView.m */,
				076CD67316FF88590040911D /* RPServer.h */,
				076CD67416FF88590040911D /* RPServer.m */,
				07D9D5BB16F1891800E681D3 /* MainMenu.xib */,
				07D9D5AD16F1891800E681D3 /* Supporting Files */,
			);
			path = NuFeedback;
			sourceTree = "<group>";
		};
		07D9D5AD16F1891800E681D3 /* Supporting Files */ = {
			isa = PBXGroup;
			children = (
				07D9D5AE16F1891800E681D3 /* NuFeedback-Info.plist */,
				07D9D5AF16F1891800E681D3 /* InfoPlist.strings */,
				07D9D5B216F1891800E681D3 /* main.m */,
				07D9D5B416F1891800E681D3 /* NuFeedback-Prefix.pch */,
				07D9D5B516F1891800E681D3 /* Credits.rtf */,
			);
			name = "Supporting Files";
			sourceTree = "<group>";
		};
		07D9D5C916F1891800E681D3 /* NuFeedbackTests */ = {
			isa = PBXGroup;
			children = (
				07D9D5CF16F1891800E681D3 /* NuFeedbackTests.h */,
				07D9D5D016F1891800E681D3 /* NuFeedbackTests.m */,
				07D9D5CA16F1891800E681D3 /* Supporting Files */,
			);
			path = NuFeedbackTests;
			sourceTree = "<group>";
		};
		07D9D5CA16F1891800E681D3 /* Supporting Files */ = {
			isa = PBXGroup;
			children = (
				07D9D5CB16F1891800E681D3 /* NuFeedbackTests-Info.plist */,
				07D9D5CC16F1891800E681D3 /* InfoPlist.strings */,
			);
			name = "Supporting Files";
			sourceTree = "<group>";
		};
/* End PBXGroup section */

/* Begin PBXNativeTarget section */
		07D9D5A116F1891800E681D3 /* NuFeedback */ = {
			isa = PBXNativeTarget;
			buildConfigurationList = 07D9D5D416F1891800E681D3 /* Build configuration list for PBXNativeTarget "NuFeedback" */;
			buildPhases = (
				07D9D59E16F1891800E681D3 /* Sources */,
				07D9D59F16F1891800E681D3 /* Frameworks */,
				07D9D5A016F1891800E681D3 /* Resources */,
			);
			buildRules = (
			);
			dependencies = (
			);
			name = NuFeedback;
			productName = NuFeedback;
			productReference = 07D9D5A216F1891800E681D3 /* NuFeedback.app */;
			productType = "com.apple.product-type.application";
		};
		07D9D5C216F1891800E681D3 /* NuFeedbackTests */ = {
			isa = PBXNativeTarget;
			buildConfigurationList = 07D9D5D716F1891800E681D3 /* Build configuration list for PBXNativeTarget "NuFeedbackTests" */;
			buildPhases = (
				07D9D5BE16F1891800E681D3 /* Sources */,
				07D9D5BF16F1891800E681D3 /* Frameworks */,
				07D9D5C016F1891800E681D3 /* Resources */,
				07D9D5C116F1891800E681D3 /* ShellScript */,
			);
			buildRules = (
			);
			dependencies = (
				07D9D5C816F1891800E681D3 /* PBXTargetDependency */,
			);
			name = NuFeedbackTests;
			productName = NuFeedbackTests;
			productReference = 07D9D5C316F1891800E681D3 /* NuFeedbackTests.octest */;
			productType = "com.apple.product-type.bundle";
		};
/* End PBXNativeTarget section */

/* Begin PBXProject section */
		07D9D59916F1891800E681D3 /* Project object */ = {
			isa = PBXProject;
			attributes = {
				CLASSPREFIX = RP;
				LastUpgradeCheck = 0450;
				ORGANIZATIONNAME = "Eric O'Connell";
			};
			buildConfigurationList = 07D9D59C16F1891800E681D3 /* Build configuration list for PBXProject "NuFeedback" */;
			compatibilityVersion = "Xcode 3.2";
			developmentRegion = English;
			hasScannedForEncodings = 0;
			knownRegions = (
				en,
			);
			mainGroup = 07D9D59716F1891800E681D3;
			productRefGroup = 07D9D5A316F1891800E681D3 /* Products */;
			projectDirPath = "";
			projectRoot = "";
			targets = (
				07D9D5A116F1891800E681D3 /* NuFeedback */,
				07D9D5C216F1891800E681D3 /* NuFeedbackTests */,
			);
		};
/* End PBXProject section */

/* Begin PBXResourcesBuildPhase section */
		07D9D5A016F1891800E681D3 /* Resources */ = {
			isa = PBXResourcesBuildPhase;
			buildActionMask = 2147483647;
			files = (
				07D9D5B116F1891800E681D3 /* InfoPlist.strings in Resources */,
				07D9D5B716F1891800E681D3 /* Credits.rtf in Resources */,
				07D9D5BD16F1891800E681D3 /* MainMenu.xib in Resources */,
				07BAB08B16F2E4BC00A18A41 /* Icon.iconset in Resources */,
				076CD69516FF92E40040911D /* README.txt in Resources */,
			);
			runOnlyForDeploymentPostprocessing = 0;
		};
		07D9D5C016F1891800E681D3 /* Resources */ = {
			isa = PBXResourcesBuildPhase;
			buildActionMask = 2147483647;
			files = (
				07D9D5CE16F1891800E681D3 /* InfoPlist.strings in Resources */,
			);
			runOnlyForDeploymentPostprocessing = 0;
		};
/* End PBXResourcesBuildPhase section */

/* Begin PBXShellScriptBuildPhase section */
		07D9D5C116F1891800E681D3 /* ShellScript */ = {
			isa = PBXShellScriptBuildPhase;
			buildActionMask = 2147483647;
			files = (
			);
			inputPaths = (
			);
			outputPaths = (
			);
			runOnlyForDeploymentPostprocessing = 0;
			shellPath = /bin/sh;
			shellScript = "# Run the unit tests in this test bundle.\n\"${SYSTEM_DEVELOPER_DIR}/Tools/RunUnitTests\"\n";
		};
/* End PBXShellScriptBuildPhase section */

/* Begin PBXSourcesBuildPhase section */
		07D9D59E16F1891800E681D3 /* Sources */ = {
			isa = PBXSourcesBuildPhase;
			buildActionMask = 2147483647;
			files = (
				07D9D5B316F1891800E681D3 /* main.m in Sources */,
				07D9D5BA16F1891800E681D3 /* RPAppDelegate.m in Sources */,
				07D9D5E016F1895E00E681D3 /* Lesson02Controller.m in Sources */,
				07D9D5E116F1895E00E681D3 /* Lesson02View.m in Sources */,
				07D9D5E216F1895E00E681D3 /* RDFeedbackGLView.m in Sources */,
				076CD67516FF88590040911D /* RPServer.m in Sources */,
				076CD67B16FF916C0040911D /* GCDAsyncSocket.m in Sources */,
				076CD67C16FF916C0040911D /* GCDAsyncUdpSocket.m in Sources */,
				076CD68E16FF92E40040911D /* DDAbstractDatabaseLogger.m in Sources */,
				076CD68F16FF92E40040911D /* DDASLLogger.m in Sources */,
				076CD69016FF92E40040911D /* DDFileLogger.m in Sources */,
				076CD69116FF92E40040911D /* DDLog.m in Sources */,
				076CD69216FF92E40040911D /* DDTTYLogger.m in Sources */,
				076CD69316FF92E40040911D /* ContextFilterLogFormatter.m in Sources */,
				076CD69416FF92E40040911D /* DispatchQueueLogFormatter.m in Sources */,
			);
			runOnlyForDeploymentPostprocessing = 0;
		};
		07D9D5BE16F1891800E681D3 /* Sources */ = {
			isa = PBXSourcesBuildPhase;
			buildActionMask = 2147483647;
			files = (
				07D9D5D116F1891800E681D3 /* NuFeedbackTests.m in Sources */,
			);
			runOnlyForDeploymentPostprocessing = 0;
		};
/* End PBXSourcesBuildPhase section */

/* Begin PBXTargetDependency section */
		07D9D5C816F1891800E681D3 /* PBXTargetDependency */ = {
			isa = PBXTargetDependency;
			target = 07D9D5A116F1891800E681D3 /* NuFeedback */;
			targetProxy = 07D9D5C716F1891800E681D3 /* PBXContainerItemProxy */;
		};
/* End PBXTargetDependency section */

/* Begin PBXVariantGroup section */
		07D9D5AF16F1891800E681D3 /* InfoPlist.strings */ = {
			isa = PBXVariantGroup;
			children = (
				07D9D5B016F1891800E681D3 /* en */,
			);
			name = InfoPlist.strings;
			sourceTree = "<group>";
		};
		07D9D5B516F1891800E681D3 /* Credits.rtf */ = {
			isa = PBXVariantGroup;
			children = (
				07D9D5B616F1891800E681D3 /* en */,
			);
			name = Credits.rtf;
			sourceTree = "<group>";
		};
		07D9D5BB16F1891800E681D3 /* MainMenu.xib */ = {
			isa = PBXVariantGroup;
			children = (
				07D9D5BC16F1891800E681D3 /* en */,
			);
			name = MainMenu.xib;
			sourceTree = "<group>";
		};
		07D9D5CC16F1891800E681D3 /* InfoPlist.strings */ = {
			isa = PBXVariantGroup;
			children = (
				07D9D5CD16F1891800E681D3 /* en */,
			);
			name = InfoPlist.strings;
			sourceTree = "<group>";
		};
/* End PBXVariantGroup section */

/* Begin XCBuildConfiguration section */
		07D9D5D216F1891800E681D3 /* Debug */ = {
			isa = XCBuildConfiguration;
			buildSettings = {
				ALWAYS_SEARCH_USER_PATHS = NO;
				ARCHS = "$(ARCHS_STANDARD_64_BIT)";
				CLANG_CXX_LANGUAGE_STANDARD = "gnu++0x";
				CLANG_CXX_LIBRARY = "libc++";
				CLANG_ENABLE_OBJC_ARC = YES;
				CLANG_WARN_EMPTY_BODY = YES;
				CLANG_WARN__DUPLICATE_METHOD_MATCH = YES;
				COPY_PHASE_STRIP = NO;
				GCC_C_LANGUAGE_STANDARD = gnu99;
				GCC_DYNAMIC_NO_PIC = NO;
				GCC_ENABLE_OBJC_EXCEPTIONS = YES;
				GCC_OPTIMIZATION_LEVEL = 0;
				GCC_PREPROCESSOR_DEFINITIONS = (
					"DEBUG=1",
					"$(inherited)",
				);
				GCC_SYMBOLS_PRIVATE_EXTERN = NO;
				GCC_WARN_64_TO_32_BIT_CONVERSION = YES;
				GCC_WARN_ABOUT_RETURN_TYPE = YES;
				GCC_WARN_UNINITIALIZED_AUTOS = YES;
				GCC_WARN_UNUSED_VARIABLE = YES;
				MACOSX_DEPLOYMENT_TARGET = 10.8;
				ONLY_ACTIVE_ARCH = YES;
				SDKROOT = macosx;
			};
			name = Debug;
		};
		07D9D5D316F1891800E681D3 /* Release */ = {
			isa = XCBuildConfiguration;
			buildSettings = {
				ALWAYS_SEARCH_USER_PATHS = NO;
				ARCHS = "$(ARCHS_STANDARD_64_BIT)";
				CLANG_CXX_LANGUAGE_STANDARD = "gnu++0x";
				CLANG_CXX_LIBRARY = "libc++";
				CLANG_ENABLE_OBJC_ARC = YES;
				CLANG_WARN_EMPTY_BODY = YES;
				CLANG_WARN__DUPLICATE_METHOD_MATCH = YES;
				COPY_PHASE_STRIP = YES;
				DEBUG_INFORMATION_FORMAT = "dwarf-with-dsym";
				GCC_C_LANGUAGE_STANDARD = gnu99;
				GCC_ENABLE_OBJC_EXCEPTIONS = YES;
				GCC_WARN_64_TO_32_BIT_CONVERSION = YES;
				GCC_WARN_ABOUT_RETURN_TYPE = YES;
				GCC_WARN_UNINITIALIZED_AUTOS = YES;
				GCC_WARN_UNUSED_VARIABLE = YES;
				MACOSX_DEPLOYMENT_TARGET = 10.8;
				ONLY_ACTIVE_ARCH = YES;
				SDKROOT = macosx;
			};
			name = Release;
		};
		07D9D5D516F1891800E681D3 /* Debug */ = {
			isa = XCBuildConfiguration;
			buildSettings = {
				COMBINE_HIDPI_IMAGES = YES;
				GCC_PRECOMPILE_PREFIX_HEADER = YES;
				GCC_PREFIX_HEADER = "NuFeedback/NuFeedback-Prefix.pch";
				INFOPLIST_FILE = "NuFeedback/NuFeedback-Info.plist";
				PRODUCT_NAME = "$(TARGET_NAME)";
				WRAPPER_EXTENSION = app;
			};
			name = Debug;
		};
		07D9D5D616F1891800E681D3 /* Release */ = {
			isa = XCBuildConfiguration;
			buildSettings = {
				COMBINE_HIDPI_IMAGES = YES;
				GCC_PRECOMPILE_PREFIX_HEADER = YES;
				GCC_PREFIX_HEADER = "NuFeedback/NuFeedback-Prefix.pch";
				INFOPLIST_FILE = "NuFeedback/NuFeedback-Info.plist";
				ONLY_ACTIVE_ARCH = YES;
				PRODUCT_NAME = "$(TARGET_NAME)";
				WRAPPER_EXTENSION = app;
			};
			name = Release;
		};
		07D9D5D816F1891800E681D3 /* Debug */ = {
			isa = XCBuildConfiguration;
			buildSettings = {
				BUNDLE_LOADER = "$(BUILT_PRODUCTS_DIR)/NuFeedback.app/Contents/MacOS/NuFeedback";
				COMBINE_HIDPI_IMAGES = YES;
				FRAMEWORK_SEARCH_PATHS = "\"$(DEVELOPER_LIBRARY_DIR)/Frameworks\"";
				GCC_PRECOMPILE_PREFIX_HEADER = YES;
				GCC_PREFIX_HEADER = "NuFeedback/NuFeedback-Prefix.pch";
				INFOPLIST_FILE = "NuFeedbackTests/NuFeedbackTests-Info.plist";
				PRODUCT_NAME = "$(TARGET_NAME)";
				TEST_HOST = "$(BUNDLE_LOADER)";
				WRAPPER_EXTENSION = octest;
			};
			name = Debug;
		};
		07D9D5D916F1891800E681D3 /* Release */ = {
			isa = XCBuildConfiguration;
			buildSettings = {
				BUNDLE_LOADER = "$(BUILT_PRODUCTS_DIR)/NuFeedback.app/Contents/MacOS/NuFeedback";
				COMBINE_HIDPI_IMAGES = YES;
				FRAMEWORK_SEARCH_PATHS = "\"$(DEVELOPER_LIBRARY_DIR)/Frameworks\"";
				GCC_PRECOMPILE_PREFIX_HEADER = YES;
				GCC_PREFIX_HEADER = "NuFeedback/NuFeedback-Prefix.pch";
				INFOPLIST_FILE = "NuFeedbackTests/NuFeedbackTests-Info.plist";
				PRODUCT_NAME = "$(TARGET_NAME)";
				TEST_HOST = "$(BUNDLE_LOADER)";
				WRAPPER_EXTENSION = octest;
			};
			name = Release;
		};
/* End XCBuildConfiguration section */

/* Begin XCConfigurationList section */
		07D9D59C16F1891800E681D3 /* Build configuration list for PBXProject "NuFeedback" */ = {
			isa = XCConfigurationList;
			buildConfigurations = (
				07D9D5D216F1891800E681D3 /* Debug */,
				07D9D5D316F1891800E681D3 /* Release */,
			);
			defaultConfigurationIsVisible = 0;
			defaultConfigurationName = Release;
		};
		07D9D5D416F1891800E681D3 /* Build configuration list for PBXNativeTarget "NuFeedback" */ = {
			isa = XCConfigurationList;
			buildConfigurations = (
				07D9D5D516F1891800E681D3 /* Debug */,
				07D9D5D616F1891800E681D3 /* Release */,
			);
			defaultConfigurationIsVisible = 0;
			defaultConfigurationName = Release;
		};
		07D9D5D716F1891800E681D3 /* Build configuration list for PBXNativeTarget "NuFeedbackTests" */ = {
			isa = XCConfigurationList;
			buildConfigurations = (
				07D9D5D816F1891800E681D3 /* Debug */,
				07D9D5D916F1891800E681D3 /* Release */,
			);
			defaultConfigurationIsVisible = 0;
			defaultConfigurationName = Release;
		};
/* End XCConfigurationList section */
	};
	rootObject = 07D9D59916F1891800E681D3 /* Project object */;
}
